
Microsoft Visual Studio Solution File, Format Version 12.00
# Visual Studio Version 17
VisualStudioVersion = 17.2.32616.157
MinimumVisualStudioVersion = 10.0.40219.1
Project("{FAE04EC0-301F-11D3-BF4B-00C04F79EFBC}") = "Sniffer", "Sniffer\Sniffer.csproj", "{D100344C-4D79-4428-9C39-538E6FB0CE6D}"
EndProject
Global
	GlobalSection(SolutionConfigurationPlatforms) = preSolution
		Debug|Any CPU = Debug|Any CPU
		Release|Any CPU = Release|Any CPU
	EndGlobalSection
	GlobalSection(ProjectConfigurationPlatforms) = postSolution
		{D100344C-4D79-4428-9C39-538E6FB0CE6D}.Debug|Any CPU.ActiveCfg = Debug|Any CPU
		{D100344C-4D79-4428-9C39-538E6FB0CE6D}.Debug|Any CPU.Build.0 = Debug|Any CPU
		{D100344C-4D79-4428-9C39-538E6FB0CE6D}.Release|Any CPU.ActiveCfg = Release|Any CPU
		{D100344C-4D79-4428-9C39-538E6FB0CE6D}.Release|Any CPU.Build.0 = Release|Any CPU
	EndGlobalSection
	GlobalSection(SolutionProperties) = preSolution
		HideSolutionNode = FALSE
	EndGlobalSection
	GlobalSection(ExtensibilityGlobals) = postSolution
		SolutionGuid = {C5A8A15B-9221-4709-8618-AB23A0F0CDAD}
	EndGlobalSection
EndGlobal
